
Microsoft Visual Studio Solution File, Format Version 12.00
# Visual Studio 15
VisualStudioVersion = 15.0.27703.2047
MinimumVisualStudioVersion = 10.0.40219.1
Project("{FAE04EC0-301F-11D3-BF4B-00C04F79EFBC}") = "ASP.NET-Core-Api", "ASP.NET-Core-Api\ASP.NET-Core-Api.csproj", "{E699B395-97A0-4A8C-A769-AAF152E8890C}"
EndProject
Project("{FAE04EC0-301F-11D3-BF4B-00C04F79EFBC}") = "ASP.NET-Core-Backend", "ASP.NET-Core-Backend\ASP.NET-Core-Backend.csproj", "{A11E8AE5-BAA4-4A69-AF93-FF00C7A2E420}"
EndProject
Project("{FAE04EC0-301F-11D3-BF4B-00C04F79EFBC}") = "Domain", "Domain\Domain.csproj", "{1C671541-FD7A-4A9B-B6E6-CA492230BB05}"
EndProject
Global
	GlobalSection(SolutionConfigurationPlatforms) = preSolution
		Debug|Any CPU = Debug|Any CPU
		Release|Any CPU = Release|Any CPU
	EndGlobalSection
	GlobalSection(ProjectConfigurationPlatforms) = postSolution
		{E699B395-97A0-4A8C-A769-AAF152E8890C}.Debug|Any CPU.ActiveCfg = Debug|Any CPU
		{E699B395-97A0-4A8C-A769-AAF152E8890C}.Debug|Any CPU.Build.0 = Debug|Any CPU
		{E699B395-97A0-4A8C-A769-AAF152E8890C}.Release|Any CPU.ActiveCfg = Release|Any CPU
		{E699B395-97A0-4A8C-A769-AAF152E8890C}.Release|Any CPU.Build.0 = Release|Any CPU
		{A11E8AE5-BAA4-4A69-AF93-FF00C7A2E420}.Debug|Any CPU.ActiveCfg = Debug|Any CPU
		{A11E8AE5-BAA4-4A69-AF93-FF00C7A2E420}.Debug|Any CPU.Build.0 = Debug|Any CPU
		{A11E8AE5-BAA4-4A69-AF93-FF00C7A2E420}.Release|Any CPU.ActiveCfg = Release|Any CPU
		{A11E8AE5-BAA4-4A69-AF93-FF00C7A2E420}.Release|Any CPU.Build.0 = Release|Any CPU
		{1C671541-FD7A-4A9B-B6E6-CA492230BB05}.Debug|Any CPU.ActiveCfg = Debug|Any CPU
		{1C671541-FD7A-4A9B-B6E6-CA492230BB05}.Debug|Any CPU.Build.0 = Debug|Any CPU
		{1C671541-FD7A-4A9B-B6E6-CA492230BB05}.Release|Any CPU.ActiveCfg = Release|Any CPU
		{1C671541-FD7A-4A9B-B6E6-CA492230BB05}.Release|Any CPU.Build.0 = Release|Any CPU
	EndGlobalSection
	GlobalSection(SolutionProperties) = preSolution
		HideSolutionNode = FALSE
	EndGlobalSection
	GlobalSection(ExtensibilityGlobals) = postSolution
		SolutionGuid = {85FCA83B-B25B-4583-8D68-6EA6B2143893}
	EndGlobalSection
EndGlobal
